
Microsoft Visual Studio Solution File, Format Version 12.00
# Visual Studio Version 16
VisualStudioVersion = 16.0.29020.237
MinimumVisualStudioVersion = 10.0.40219.1
Project("{FAE04EC0-301F-11D3-BF4B-00C04F79EFBC}") = "HubSpotDotNet", "HubSpotDotNet\HubSpotDotNet.csproj", "{6811581D-E93F-4B2A-969A-658F92149959}"
EndProject
Project("{FAE04EC0-301F-11D3-BF4B-00C04F79EFBC}") = "HubSpotDotNet.Test", "HubSpotDotNet.Test\HubSpotDotNet.Test.csproj", "{73A0F508-7C6D-438B-A10A-3338AFDD4A66}"
EndProject
Global
	GlobalSection(SolutionConfigurationPlatforms) = preSolution
		Debug|Any CPU = Debug|Any CPU
		Release|Any CPU = Release|Any CPU
	EndGlobalSection
	GlobalSection(ProjectConfigurationPlatforms) = postSolution
		{6811581D-E93F-4B2A-969A-658F92149959}.Debug|Any CPU.ActiveCfg = Debug|Any CPU
		{6811581D-E93F-4B2A-969A-658F92149959}.Debug|Any CPU.Build.0 = Debug|Any CPU
		{6811581D-E93F-4B2A-969A-658F92149959}.Release|Any CPU.ActiveCfg = Release|Any CPU
		{6811581D-E93F-4B2A-969A-658F92149959}.Release|Any CPU.Build.0 = Release|Any CPU
		{73A0F508-7C6D-438B-A10A-3338AFDD4A66}.Debug|Any CPU.ActiveCfg = Debug|Any CPU
		{73A0F508-7C6D-438B-A10A-3338AFDD4A66}.Debug|Any CPU.Build.0 = Debug|Any CPU
		{73A0F508-7C6D-438B-A10A-3338AFDD4A66}.Release|Any CPU.ActiveCfg = Release|Any CPU
		{73A0F508-7C6D-438B-A10A-3338AFDD4A66}.Release|Any CPU.Build.0 = Release|Any CPU
	EndGlobalSection
	GlobalSection(SolutionProperties) = preSolution
		HideSolutionNode = FALSE
	EndGlobalSection
	GlobalSection(ExtensibilityGlobals) = postSolution
		SolutionGuid = {4184F801-A41F-431C-8B58-63A84ABB8160}
	EndGlobalSection
EndGlobal
